// !$*UTF8*$!
{
	archiveVersion = 1;
	classes = {
	};
	objectVersion = 50;
	objects = {

/* Begin PBXBuildFile section */
		EDB5C90C20E4802700EDFF91 /* AppDelegate.swift in Sources */ = {isa = PBXBuildFile; fileRef = EDB5C90B20E4802700EDFF91 /* AppDelegate.swift */; };
		EDB5C90E20E4802700EDFF91 /* ViewController.swift in Sources */ = {isa = PBXBuildFile; fileRef = EDB5C90D20E4802700EDFF91 /* ViewController.swift */; };
		EDB5C91120E4802700EDFF91 /* Main.storyboard in Resources */ = {isa = PBXBuildFile; fileRef = EDB5C90F20E4802700EDFF91 /* Main.storyboard */; };
		EDB5C91320E4802800EDFF91 /* Assets.xcassets in Resources */ = {isa = PBXBuildFile; fileRef = EDB5C91220E4802800EDFF91 /* Assets.xcassets */; };
		EDB5C91620E4802800EDFF91 /* LaunchScreen.storyboard in Resources */ = {isa = PBXBuildFile; fileRef = EDB5C91420E4802800EDFF91 /* LaunchScreen.storyboard */; };
		EDB5C91E20E4806D00EDFF91 /* Log.swift in Sources */ = {isa = PBXBuildFile; fileRef = EDB5C91D20E4806D00EDFF91 /* Log.swift */; };
		EDB5C93420E482A700EDFF91 /* LogFramework.h in Headers */ = {isa = PBXBuildFile; fileRef = EDB5C93220E482A700EDFF91 /* LogFramework.h */; settings = {ATTRIBUTES = (Public, ); }; };
		EDB5C93720E482A700EDFF91 /* LogFramework.framework in Frameworks */ = {isa = PBXBuildFile; fileRef = EDB5C93020E482A700EDFF91 /* LogFramework.framework */; };
		EDB5C93820E482A700EDFF91 /* LogFramework.framework in Embed Frameworks */ = {isa = PBXBuildFile; fileRef = EDB5C93020E482A700EDFF91 /* LogFramework.framework */; settings = {ATTRIBUTES = (CodeSignOnCopy, RemoveHeadersOnCopy, ); }; };
		EDB5C93D20E482CA00EDFF91 /* Log.swift in Sources */ = {isa = PBXBuildFile; fileRef = EDB5C91D20E4806D00EDFF91 /* Log.swift */; };
/* End PBXBuildFile section */

/* Begin PBXContainerItemProxy section */
		EDB5C93520E482A700EDFF91 /* PBXContainerItemProxy */ = {
			isa = PBXContainerItemProxy;
			containerPortal = EDB5C90020E4802700EDFF91 /* Project object */;
			proxyType = 1;
			remoteGlobalIDString = EDB5C92F20E482A700EDFF91;
			remoteInfo = LogFramework;
		};
/* End PBXContainerItemProxy section */

/* Begin PBXCopyFilesBuildPhase section */
		EDB5C93C20E482A700EDFF91 /* Embed Frameworks */ = {
			isa = PBXCopyFilesBuildPhase;
			buildActionMask = 2147483647;
			dstPath = "";
			dstSubfolderSpec = 10;
			files = (
				EDB5C93820E482A700EDFF91 /* LogFramework.framework in Embed Frameworks */,
			);
			name = "Embed Frameworks";
			runOnlyForDeploymentPostprocessing = 0;
		};
/* End PBXCopyFilesBuildPhase section */

/* Begin PBXFileReference section */
		EDB5C90820E4802700EDFF91 /* Log.app */ = {isa = PBXFileReference; explicitFileType = wrapper.application; includeInIndex = 0; path = Log.app; sourceTree = BUILT_PRODUCTS_DIR; };
		EDB5C90B20E4802700EDFF91 /* AppDelegate.swift */ = {isa = PBXFileReference; lastKnownFileType = sourcecode.swift; path = AppDelegate.swift; sourceTree = "<group>"; };
		EDB5C90D20E4802700EDFF91 /* ViewController.swift */ = {isa = PBXFileReference; lastKnownFileType = sourcecode.swift; path = ViewController.swift; sourceTree = "<group>"; };
		EDB5C91020E4802700EDFF91 /* Base */ = {isa = PBXFileReference; lastKnownFileType = file.storyboard; name = Base; path = Base.lproj/Main.storyboard; sourceTree = "<group>"; };
		EDB5C91220E4802800EDFF91 /* Assets.xcassets */ = {isa = PBXFileReference; lastKnownFileType = folder.assetcatalog; path = Assets.xcassets; sourceTree = "<group>"; };
		EDB5C91520E4802800EDFF91 /* Base */ = {isa = PBXFileReference; lastKnownFileType = file.storyboard; name = Base; path = Base.lproj/LaunchScreen.storyboard; sourceTree = "<group>"; };
		EDB5C91720E4802800EDFF91 /* Info.plist */ = {isa = PBXFileReference; lastKnownFileType = text.plist.xml; path = Info.plist; sourceTree = "<group>"; };
		EDB5C91D20E4806D00EDFF91 /* Log.swift */ = {isa = PBXFileReference; lastKnownFileType = sourcecode.swift; path = Log.swift; sourceTree = "<group>"; };
		EDB5C93020E482A700EDFF91 /* LogFramework.framework */ = {isa = PBXFileReference; explicitFileType = wrapper.framework; includeInIndex = 0; path = LogFramework.framework; sourceTree = BUILT_PRODUCTS_DIR; };
		EDB5C93220E482A700EDFF91 /* LogFramework.h */ = {isa = PBXFileReference; lastKnownFileType = sourcecode.c.h; path = LogFramework.h; sourceTree = "<group>"; };
		EDB5C93320E482A700EDFF91 /* Info.plist */ = {isa = PBXFileReference; lastKnownFileType = text.plist.xml; path = Info.plist; sourceTree = "<group>"; };
/* End PBXFileReference section */

/* Begin PBXFrameworksBuildPhase section */
		EDB5C90520E4802700EDFF91 /* Frameworks */ = {
			isa = PBXFrameworksBuildPhase;
			buildActionMask = 2147483647;
			files = (
				EDB5C93720E482A700EDFF91 /* LogFramework.framework in Frameworks */,
			);
			runOnlyForDeploymentPostprocessing = 0;
		};
		EDB5C92D20E482A700EDFF91 /* Frameworks */ = {
			isa = PBXFrameworksBuildPhase;
			buildActionMask = 2147483647;
			files = (
			);
			runOnlyForDeploymentPostprocessing = 0;
		};
/* End PBXFrameworksBuildPhase section */

/* Begin PBXGroup section */
		ED01E44620E48F7200AA9252 /* Classes */ = {
			isa = PBXGroup;
			children = (
				EDB5C91D20E4806D00EDFF91 /* Log.swift */,
			);
			path = Classes;
			sourceTree = "<group>";
		};
		EDB5C8FF20E4802700EDFF91 = {
			isa = PBXGroup;
			children = (
				EDB5C90A20E4802700EDFF91 /* Log */,
				EDB5C93120E482A700EDFF91 /* LogFramework */,
				EDB5C90920E4802700EDFF91 /* Products */,
			);
			sourceTree = "<group>";
		};
		EDB5C90920E4802700EDFF91 /* Products */ = {
			isa = PBXGroup;
			children = (
				EDB5C90820E4802700EDFF91 /* Log.app */,
				EDB5C93020E482A700EDFF91 /* LogFramework.framework */,
			);
			name = Products;
			sourceTree = "<group>";
		};
		EDB5C90A20E4802700EDFF91 /* Log */ = {
			isa = PBXGroup;
			children = (
				ED01E44620E48F7200AA9252 /* Classes */,
				EDB5C90B20E4802700EDFF91 /* AppDelegate.swift */,
				EDB5C90D20E4802700EDFF91 /* ViewController.swift */,
				EDB5C90F20E4802700EDFF91 /* Main.storyboard */,
				EDB5C91220E4802800EDFF91 /* Assets.xcassets */,
				EDB5C91420E4802800EDFF91 /* LaunchScreen.storyboard */,
				EDB5C91720E4802800EDFF91 /* Info.plist */,
			);
			path = Log;
			sourceTree = "<group>";
		};
		EDB5C93120E482A700EDFF91 /* LogFramework */ = {
			isa = PBXGroup;
			children = (
				EDB5C93220E482A700EDFF91 /* LogFramework.h */,
				EDB5C93320E482A700EDFF91 /* Info.plist */,
			);
			path = LogFramework;
			sourceTree = "<group>";
		};
/* End PBXGroup section */

/* Begin PBXHeadersBuildPhase section */
		EDB5C92B20E482A700EDFF91 /* Headers */ = {
			isa = PBXHeadersBuildPhase;
			buildActionMask = 2147483647;
			files = (
				EDB5C93420E482A700EDFF91 /* LogFramework.h in Headers */,
			);
			runOnlyForDeploymentPostprocessing = 0;
		};
/* End PBXHeadersBuildPhase section */

/* Begin PBXNativeTarget section */
		EDB5C90720E4802700EDFF91 /* Log */ = {
			isa = PBXNativeTarget;
			buildConfigurationList = EDB5C91A20E4802800EDFF91 /* Build configuration list for PBXNativeTarget "Log" */;
			buildPhases = (
				EDB5C90420E4802700EDFF91 /* Sources */,
				EDB5C90520E4802700EDFF91 /* Frameworks */,
				EDB5C90620E4802700EDFF91 /* Resources */,
				EDB5C93C20E482A700EDFF91 /* Embed Frameworks */,
			);
			buildRules = (
			);
			dependencies = (
				EDB5C93620E482A700EDFF91 /* PBXTargetDependency */,
			);
			name = Log;
			productName = Log;
			productReference = EDB5C90820E4802700EDFF91 /* Log.app */;
			productType = "com.apple.product-type.application";
		};
		EDB5C92F20E482A700EDFF91 /* LogFramework */ = {
			isa = PBXNativeTarget;
			buildConfigurationList = EDB5C93920E482A700EDFF91 /* Build configuration list for PBXNativeTarget "LogFramework" */;
			buildPhases = (
				EDB5C92B20E482A700EDFF91 /* Headers */,
				EDB5C92C20E482A700EDFF91 /* Sources */,
				EDB5C92D20E482A700EDFF91 /* Frameworks */,
				EDB5C92E20E482A700EDFF91 /* Resources */,
			);
			buildRules = (
			);
			dependencies = (
			);
			name = LogFramework;
			productName = LogFramework;
			productReference = EDB5C93020E482A700EDFF91 /* LogFramework.framework */;
			productType = "com.apple.product-type.framework";
		};
/* End PBXNativeTarget section */

/* Begin PBXProject section */
		EDB5C90020E4802700EDFF91 /* Project object */ = {
			isa = PBXProject;
			attributes = {
				LastSwiftUpdateCheck = 1000;
				LastUpgradeCheck = 1000;
				ORGANIZATIONNAME = lxb;
				TargetAttributes = {
					EDB5C90720E4802700EDFF91 = {
						CreatedOnToolsVersion = 10.0;
					};
					EDB5C92F20E482A700EDFF91 = {
						CreatedOnToolsVersion = 10.0;
					};
				};
			};
			buildConfigurationList = EDB5C90320E4802700EDFF91 /* Build configuration list for PBXProject "Log" */;
			compatibilityVersion = "Xcode 9.3";
			developmentRegion = en;
			hasScannedForEncodings = 0;
			knownRegions = (
				en,
				Base,
			);
			mainGroup = EDB5C8FF20E4802700EDFF91;
			productRefGroup = EDB5C90920E4802700EDFF91 /* Products */;
			projectDirPath = "";
			projectRoot = "";
			targets = (
				EDB5C90720E4802700EDFF91 /* Log */,
				EDB5C92F20E482A700EDFF91 /* LogFramework */,
			);
		};
/* End PBXProject section */

/* Begin PBXResourcesBuildPhase section */
		EDB5C90620E4802700EDFF91 /* Resources */ = {
			isa = PBXResourcesBuildPhase;
			buildActionMask = 2147483647;
			files = (
				EDB5C91620E4802800EDFF91 /* LaunchScreen.storyboard in Resources */,
				EDB5C91320E4802800EDFF91 /* Assets.xcassets in Resources */,
				EDB5C91120E4802700EDFF91 /* Main.storyboard in Resources */,
			);
			runOnlyForDeploymentPostprocessing = 0;
		};
		EDB5C92E20E482A700EDFF91 /* Resources */ = {
			isa = PBXResourcesBuildPhase;
			buildActionMask = 2147483647;
			files = (
			);
			runOnlyForDeploymentPostprocessing = 0;
		};
/* End PBXResourcesBuildPhase section */

/* Begin PBXSourcesBuildPhase section */
		EDB5C90420E4802700EDFF91 /* Sources */ = {
			isa = PBXSourcesBuildPhase;
			buildActionMask = 2147483647;
			files = (
				EDB5C90E20E4802700EDFF91 /* ViewController.swift in Sources */,
				EDB5C90C20E4802700EDFF91 /* AppDelegate.swift in Sources */,
				EDB5C91E20E4806D00EDFF91 /* Log.swift in Sources */,
			);
			runOnlyForDeploymentPostprocessing = 0;
		};
		EDB5C92C20E482A700EDFF91 /* Sources */ = {
			isa = PBXSourcesBuildPhase;
			buildActionMask = 2147483647;
			files = (
				EDB5C93D20E482CA00EDFF91 /* Log.swift in Sources */,
			);
			runOnlyForDeploymentPostprocessing = 0;
		};
/* End PBXSourcesBuildPhase section */

/* Begin PBXTargetDependency section */
		EDB5C93620E482A700EDFF91 /* PBXTargetDependency */ = {
			isa = PBXTargetDependency;
			target = EDB5C92F20E482A700EDFF91 /* LogFramework */;
			targetProxy = EDB5C93520E482A700EDFF91 /* PBXContainerItemProxy */;
		};
/* End PBXTargetDependency section */

/* Begin PBXVariantGroup section */
		EDB5C90F20E4802700EDFF91 /* Main.storyboard */ = {
			isa = PBXVariantGroup;
			children = (
				EDB5C91020E4802700EDFF91 /* Base */,
			);
			name = Main.storyboard;
			sourceTree = "<group>";
		};
		EDB5C91420E4802800EDFF91 /* LaunchScreen.storyboard */ = {
			isa = PBXVariantGroup;
			children = (
				EDB5C91520E4802800EDFF91 /* Base */,
			);
			name = LaunchScreen.storyboard;
			sourceTree = "<group>";
		};
/* End PBXVariantGroup section */

/* Begin XCBuildConfiguration section */
		EDB5C91820E4802800EDFF91 /* Debug */ = {
			isa = XCBuildConfiguration;
			buildSettings = {
				ALWAYS_SEARCH_USER_PATHS = NO;
				CLANG_ANALYZER_NONNULL = YES;
				CLANG_ANALYZER_NUMBER_OBJECT_CONVERSION = YES_AGGRESSIVE;
				CLANG_CXX_LANGUAGE_STANDARD = "gnu++14";
				CLANG_CXX_LIBRARY = "libc++";
				CLANG_ENABLE_MODULES = YES;
				CLANG_ENABLE_OBJC_ARC = YES;
				CLANG_ENABLE_OBJC_WEAK = YES;
				CLANG_WARN_BLOCK_CAPTURE_AUTORELEASING = YES;
				CLANG_WARN_BOOL_CONVERSION = YES;
				CLANG_WARN_COMMA = YES;
				CLANG_WARN_CONSTANT_CONVERSION = YES;
				CLANG_WARN_DEPRECATED_OBJC_IMPLEMENTATIONS = YES;
				CLANG_WARN_DIRECT_OBJC_ISA_USAGE = YES_ERROR;
				CLANG_WARN_DOCUMENTATION_COMMENTS = YES;
				CLANG_WARN_EMPTY_BODY = YES;
				CLANG_WARN_ENUM_CONVERSION = YES;
				CLANG_WARN_INFINITE_RECURSION = YES;
				CLANG_WARN_INT_CONVERSION = YES;
				CLANG_WARN_NON_LITERAL_NULL_CONVERSION = YES;
				CLANG_WARN_OBJC_IMPLICIT_RETAIN_SELF = YES;
				CLANG_WARN_OBJC_LITERAL_CONVERSION = YES;
				CLANG_WARN_OBJC_ROOT_CLASS = YES_ERROR;
				CLANG_WARN_RANGE_LOOP_ANALYSIS = YES;
				CLANG_WARN_STRICT_PROTOTYPES = YES;
				CLANG_WARN_SUSPICIOUS_MOVE = YES;
				CLANG_WARN_UNGUARDED_AVAILABILITY = YES_AGGRESSIVE;
				CLANG_WARN_UNREACHABLE_CODE = YES;
				CLANG_WARN__DUPLICATE_METHOD_MATCH = YES;
				CODE_SIGN_IDENTITY = "iPhone Developer";
				COPY_PHASE_STRIP = NO;
				DEBUG_INFORMATION_FORMAT = dwarf;
				ENABLE_STRICT_OBJC_MSGSEND = YES;
				ENABLE_TESTABILITY = YES;
				GCC_C_LANGUAGE_STANDARD = gnu11;
				GCC_DYNAMIC_NO_PIC = NO;
				GCC_NO_COMMON_BLOCKS = YES;
				GCC_OPTIMIZATION_LEVEL = 0;
				GCC_PREPROCESSOR_DEFINITIONS = (
					"DEBUG=1",
					"$(inherited)",
				);
				GCC_WARN_64_TO_32_BIT_CONVERSION = YES;
				GCC_WARN_ABOUT_RETURN_TYPE = YES_ERROR;
				GCC_WARN_UNDECLARED_SELECTOR = YES;
				GCC_WARN_UNINITIALIZED_AUTOS = YES_AGGRESSIVE;
				GCC_WARN_UNUSED_FUNCTION = YES;
				GCC_WARN_UNUSED_VARIABLE = YES;
				IPHONEOS_DEPLOYMENT_TARGET = 12.0;
				MTL_ENABLE_DEBUG_INFO = INCLUDE_SOURCE;
				ONLY_ACTIVE_ARCH = YES;
				SDKROOT = iphoneos;
				SWIFT_ACTIVE_COMPILATION_CONDITIONS = DEBUG;
				SWIFT_OPTIMIZATION_LEVEL = "-Onone";
			};
			name = Debug;
		};
		EDB5C91920E4802800EDFF91 /* Release */ = {
			isa = XCBuildConfiguration;
			buildSettings = {
				ALWAYS_SEARCH_USER_PATHS = NO;
				CLANG_ANALYZER_NONNULL = YES;
				CLANG_ANALYZER_NUMBER_OBJECT_CONVERSION = YES_AGGRESSIVE;
				CLANG_CXX_LANGUAGE_STANDARD = "gnu++14";
				CLANG_CXX_LIBRARY = "libc++";
				CLANG_ENABLE_MODULES = YES;
				CLANG_ENABLE_OBJC_ARC = YES;
				CLANG_ENABLE_OBJC_WEAK = YES;
				CLANG_WARN_BLOCK_CAPTURE_AUTORELEASING = YES;
				CLANG_WARN_BOOL_CONVERSION = YES;
				CLANG_WARN_COMMA = YES;
				CLANG_WARN_CONSTANT_CONVERSION = YES;
				CLANG_WARN_DEPRECATED_OBJC_IMPLEMENTATIONS = YES;
				CLANG_WARN_DIRECT_OBJC_ISA_USAGE = YES_ERROR;
				CLANG_WARN_DOCUMENTATION_COMMENTS = YES;
				CLANG_WARN_EMPTY_BODY = YES;
				CLANG_WARN_ENUM_CONVERSION = YES;
				CLANG_WARN_INFINITE_RECURSION = YES;
				CLANG_WARN_INT_CONVERSION = YES;
				CLANG_WARN_NON_LITERAL_NULL_CONVERSION = YES;
				CLANG_WARN_OBJC_IMPLICIT_RETAIN_SELF = YES;
				CLANG_WARN_OBJC_LITERAL_CONVERSION = YES;
				CLANG_WARN_OBJC_ROOT_CLASS = YES_ERROR;
				CLANG_WARN_RANGE_LOOP_ANALYSIS = YES;
				CLANG_WARN_STRICT_PROTOTYPES = YES;
				CLANG_WARN_SUSPICIOUS_MOVE = YES;
				CLANG_WARN_UNGUARDED_AVAILABILITY = YES_AGGRESSIVE;
				CLANG_WARN_UNREACHABLE_CODE = YES;
				CLANG_WARN__DUPLICATE_METHOD_MATCH = YES;
				CODE_SIGN_IDENTITY = "iPhone Developer";
				COPY_PHASE_STRIP = NO;
				DEBUG_INFORMATION_FORMAT = "dwarf-with-dsym";
				ENABLE_NS_ASSERTIONS = NO;
				ENABLE_STRICT_OBJC_MSGSEND = YES;
				GCC_C_LANGUAGE_STANDARD = gnu11;
				GCC_NO_COMMON_BLOCKS = YES;
				GCC_WARN_64_TO_32_BIT_CONVERSION = YES;
				GCC_WARN_ABOUT_RETURN_TYPE = YES_ERROR;
				GCC_WARN_UNDECLARED_SELECTOR = YES;
				GCC_WARN_UNINITIALIZED_AUTOS = YES_AGGRESSIVE;
				GCC_WARN_UNUSED_FUNCTION = YES;
				GCC_WARN_UNUSED_VARIABLE = YES;
				IPHONEOS_DEPLOYMENT_TARGET = 12.0;
				MTL_ENABLE_DEBUG_INFO = NO;
				SDKROOT = iphoneos;
				SWIFT_COMPILATION_MODE = wholemodule;
				SWIFT_OPTIMIZATION_LEVEL = "-O";
				VALIDATE_PRODUCT = YES;
			};
			name = Release;
		};
		EDB5C91B20E4802800EDFF91 /* Debug */ = {
			isa = XCBuildConfiguration;
			buildSettings = {
				ALWAYS_EMBED_SWIFT_STANDARD_LIBRARIES = YES;
				ASSETCATALOG_COMPILER_APPICON_NAME = AppIcon;
				CODE_SIGN_STYLE = Automatic;
				DEVELOPMENT_TEAM = T5XW5NM586;
				INFOPLIST_FILE = Log/Info.plist;
				LD_RUNPATH_SEARCH_PATHS = (
					"$(inherited)",
					"@executable_path/Frameworks",
				);
				PRODUCT_BUNDLE_IDENTIFIER = com.lxb.swift.Log;
				PRODUCT_NAME = "$(TARGET_NAME)";
				SWIFT_VERSION = 4.2;
				TARGETED_DEVICE_FAMILY = "1,2";
			};
			name = Debug;
		};
		EDB5C91C20E4802800EDFF91 /* Release */ = {
			isa = XCBuildConfiguration;
			buildSettings = {
				ALWAYS_EMBED_SWIFT_STANDARD_LIBRARIES = YES;
				ASSETCATALOG_COMPILER_APPICON_NAME = AppIcon;
				CODE_SIGN_STYLE = Automatic;
				DEVELOPMENT_TEAM = T5XW5NM586;
				INFOPLIST_FILE = Log/Info.plist;
				LD_RUNPATH_SEARCH_PATHS = (
					"$(inherited)",
					"@executable_path/Frameworks",
				);
				PRODUCT_BUNDLE_IDENTIFIER = com.lxb.swift.Log;
				PRODUCT_NAME = "$(TARGET_NAME)";
				SWIFT_VERSION = 4.2;
				TARGETED_DEVICE_FAMILY = "1,2";
			};
			name = Release;
		};
		EDB5C93A20E482A700EDFF91 /* Debug */ = {
			isa = XCBuildConfiguration;
			buildSettings = {
				CODE_SIGN_IDENTITY = "";
				CODE_SIGN_STYLE = Automatic;
				CURRENT_PROJECT_VERSION = 1;
				DEFINES_MODULE = YES;
				DEVELOPMENT_TEAM = T5XW5NM586;
				DYLIB_COMPATIBILITY_VERSION = 1;
				DYLIB_CURRENT_VERSION = 1;
				DYLIB_INSTALL_NAME_BASE = "@rpath";
				INFOPLIST_FILE = LogFramework/Info.plist;
				INSTALL_PATH = "$(LOCAL_LIBRARY_DIR)/Frameworks";
				IPHONEOS_DEPLOYMENT_TARGET = 9.0;
				LD_RUNPATH_SEARCH_PATHS = (
					"$(inherited)",
					"@executable_path/Frameworks",
					"@loader_path/Frameworks",
				);
				MACH_O_TYPE = staticlib;
				PRODUCT_BUNDLE_IDENTIFIER = com.lxb.swift.LogFramework;
				PRODUCT_NAME = "$(TARGET_NAME:c99extidentifier)";
				SKIP_INSTALL = YES;
				SWIFT_VERSION = 4.2;
				TARGETED_DEVICE_FAMILY = "1,2";
				VERSIONING_SYSTEM = "apple-generic";
				VERSION_INFO_PREFIX = "";
			};
			name = Debug;
		};
		EDB5C93B20E482A700EDFF91 /* Release */ = {
			isa = XCBuildConfiguration;
			buildSettings = {
				CODE_SIGN_IDENTITY = "";
				CODE_SIGN_STYLE = Automatic;
				CURRENT_PROJECT_VERSION = 1;
				DEFINES_MODULE = YES;
				DEVELOPMENT_TEAM = T5XW5NM586;
				DYLIB_COMPATIBILITY_VERSION = 1;
				DYLIB_CURRENT_VERSION = 1;
				DYLIB_INSTALL_NAME_BASE = "@rpath";
				INFOPLIST_FILE = LogFramework/Info.plist;
				INSTALL_PATH = "$(LOCAL_LIBRARY_DIR)/Frameworks";
				IPHONEOS_DEPLOYMENT_TARGET = 9.0;
				LD_RUNPATH_SEARCH_PATHS = (
					"$(inherited)",
					"@executable_path/Frameworks",
					"@loader_path/Frameworks",
				);
				MACH_O_TYPE = staticlib;
				PRODUCT_BUNDLE_IDENTIFIER = com.lxb.swift.LogFramework;
				PRODUCT_NAME = "$(TARGET_NAME:c99extidentifier)";
				SKIP_INSTALL = YES;
				SWIFT_VERSION = 4.2;
				TARGETED_DEVICE_FAMILY = "1,2";
				VERSIONING_SYSTEM = "apple-generic";
				VERSION_INFO_PREFIX = "";
			};
			name = Release;
		};
/* End XCBuildConfiguration section */

/* Begin XCConfigurationList section */
		EDB5C90320E4802700EDFF91 /* Build configuration list for PBXProject "Log" */ = {
			isa = XCConfigurationList;
			buildConfigurations = (
				EDB5C91820E4802800EDFF91 /* Debug */,
				EDB5C91920E4802800EDFF91 /* Release */,
			);
			defaultConfigurationIsVisible = 0;
			defaultConfigurationName = Release;
		};
		EDB5C91A20E4802800EDFF91 /* Build configuration list for PBXNativeTarget "Log" */ = {
			isa = XCConfigurationList;
			buildConfigurations = (
				EDB5C91B20E4802800EDFF91 /* Debug */,
				EDB5C91C20E4802800EDFF91 /* Release */,
			);
			defaultConfigurationIsVisible = 0;
			defaultConfigurationName = Release;
		};
		EDB5C93920E482A700EDFF91 /* Build configuration list for PBXNativeTarget "LogFramework" */ = {
			isa = XCConfigurationList;
			buildConfigurations = (
				EDB5C93A20E482A700EDFF91 /* Debug */,
				EDB5C93B20E482A700EDFF91 /* Release */,
			);
			defaultConfigurationIsVisible = 0;
			defaultConfigurationName = Release;
		};
/* End XCConfigurationList section */
	};
	rootObject = EDB5C90020E4802700EDFF91 /* Project object */;
}
